
Microsoft Visual Studio Solution File, Format Version 12.00
# Visual Studio Version 17
VisualStudioVersion = 17.3.32901.215
MinimumVisualStudioVersion = 10.0.40219.1
Project("{9A19103F-16F7-4668-BE54-9A1E7A4F7556}") = "WEB_053501_Sauchuk", "WEB_053501_Sauchuk\WEB_053501_Sauchuk.csproj", "{AA56C92D-E75F-4A43-8C4A-ED6EF2E54B09}"
EndProject
Project("{FAE04EC0-301F-11D3-BF4B-00C04F79EFBC}") = "WEB_053501_Sauchuk.Blazor.Server", "WEB_053501_Sauchuk.Blazor\Server\WEB_053501_Sauchuk.Blazor.Server.csproj", "{88541595-672F-4813-8B28-47951005849F}"
EndProject
Project("{FAE04EC0-301F-11D3-BF4B-00C04F79EFBC}") = "WEB_053501_Sauchuk.Blazor.Client", "WEB_053501_Sauchuk.Blazor\Client\WEB_053501_Sauchuk.Blazor.Client.csproj", "{B2F4EB11-61CB-4556-A739-C7F0088F3112}"
EndProject
Project("{FAE04EC0-301F-11D3-BF4B-00C04F79EFBC}") = "WEB_053501_Sauchuk.Blazor.Shared", "WEB_053501_Sauchuk.Blazor\Shared\WEB_053501_Sauchuk.Blazor.Shared.csproj", "{332C1D58-4FF5-4C60-BDE0-5BC656EB0507}"
EndProject
Global
	GlobalSection(SolutionConfigurationPlatforms) = preSolution
		Debug|Any CPU = Debug|Any CPU
		Release|Any CPU = Release|Any CPU
	EndGlobalSection
	GlobalSection(ProjectConfigurationPlatforms) = postSolution
		{AA56C92D-E75F-4A43-8C4A-ED6EF2E54B09}.Debug|Any CPU.ActiveCfg = Debug|Any CPU
		{AA56C92D-E75F-4A43-8C4A-ED6EF2E54B09}.Debug|Any CPU.Build.0 = Debug|Any CPU
		{AA56C92D-E75F-4A43-8C4A-ED6EF2E54B09}.Release|Any CPU.ActiveCfg = Release|Any CPU
		{AA56C92D-E75F-4A43-8C4A-ED6EF2E54B09}.Release|Any CPU.Build.0 = Release|Any CPU
		{88541595-672F-4813-8B28-47951005849F}.Debug|Any CPU.ActiveCfg = Debug|Any CPU
		{88541595-672F-4813-8B28-47951005849F}.Debug|Any CPU.Build.0 = Debug|Any CPU
		{88541595-672F-4813-8B28-47951005849F}.Release|Any CPU.ActiveCfg = Release|Any CPU
		{88541595-672F-4813-8B28-47951005849F}.Release|Any CPU.Build.0 = Release|Any CPU
		{B2F4EB11-61CB-4556-A739-C7F0088F3112}.Debug|Any CPU.ActiveCfg = Debug|Any CPU
		{B2F4EB11-61CB-4556-A739-C7F0088F3112}.Debug|Any CPU.Build.0 = Debug|Any CPU
		{B2F4EB11-61CB-4556-A739-C7F0088F3112}.Release|Any CPU.ActiveCfg = Release|Any CPU
		{B2F4EB11-61CB-4556-A739-C7F0088F3112}.Release|Any CPU.Build.0 = Release|Any CPU
		{332C1D58-4FF5-4C60-BDE0-5BC656EB0507}.Debug|Any CPU.ActiveCfg = Debug|Any CPU
		{332C1D58-4FF5-4C60-BDE0-5BC656EB0507}.Debug|Any CPU.Build.0 = Debug|Any CPU
		{332C1D58-4FF5-4C60-BDE0-5BC656EB0507}.Release|Any CPU.ActiveCfg = Release|Any CPU
		{332C1D58-4FF5-4C60-BDE0-5BC656EB0507}.Release|Any CPU.Build.0 = Release|Any CPU
	EndGlobalSection
	GlobalSection(SolutionProperties) = preSolution
		HideSolutionNode = FALSE
	EndGlobalSection
	GlobalSection(ExtensibilityGlobals) = postSolution
		SolutionGuid = {FA275FC1-8516-49AB-AC65-125B022B97C4}
	EndGlobalSection
EndGlobal
